Microsoft Visual Studio Solution File, Format Version 12.00
# Visual Studio Version 17
VisualStudioVersion = 17.0.31611.283
MinimumVisualStudioVersion = 10.0.40219.1
Project("{9A19103F-16F7-4668-BE54-9A1E7A4F7556}") = "MauiAppSample", "MauiAppSample\MauiAppSample.csproj", "{EFB19EFA-552F-4B90-AA2A-58BE77603F93}"
EndProject
Global
	GlobalSection(SolutionConfigurationPlatforms) = preSolution
		Debug|Any CPU = Debug|Any CPU
		Release|Any CPU = Release|Any CPU
	EndGlobalSection
	GlobalSection(ProjectConfigurationPlatforms) = postSolution
		{EFB19EFA-552F-4B90-AA2A-58BE77603F93}.Debug|Any CPU.ActiveCfg = Debug|Any CPU
		{EFB19EFA-552F-4B90-AA2A-58BE77603F93}.Debug|Any CPU.Build.0 = Debug|Any CPU
		{EFB19EFA-552F-4B90-AA2A-58BE77603F93}.Debug|Any CPU.Deploy.0 = Debug|Any CPU
		{EFB19EFA-552F-4B90-AA2A-58BE77603F93}.Release|Any CPU.ActiveCfg = Release|Any CPU
		{EFB19EFA-552F-4B90-AA2A-58BE77603F93}.Release|Any CPU.Build.0 = Release|Any CPU
		{EFB19EFA-552F-4B90-AA2A-58BE77603F93}.Release|Any CPU.Deploy.0 = Release|Any CPU
	EndGlobalSection
	GlobalSection(SolutionProperties) = preSolution
		HideSolutionNode = FALSE
	EndGlobalSection
	GlobalSection(ExtensibilityGlobals) = postSolution
		        SolutionGuid = {61F7FB11-1E47-470C-91E2-47F8143E1572}
		SolutionGuid = {4FFD312C-FAA5-4E4E-9BE2-BB63C119C74F}
	EndGlobalSection
EndGlobal
